// !$*UTF8*$!
{
	archiveVersion = 1;
	classes = {
	};
	objectVersion = 55;
	objects = {

/* Begin PBXBuildFile section */
		9652CA9A2A1BB13200EE0123 /* CachedAsyncImage in Frameworks */ = {isa = PBXBuildFile; productRef = 9652CA992A1BB13200EE0123 /* CachedAsyncImage */; };
		9652CA9C2A1BD1CD00EE0123 /* ApiClient.swift in Sources */ = {isa = PBXBuildFile; fileRef = 9652CA9B2A1BD1CD00EE0123 /* ApiClient.swift */; };
		9652CA9E2A1CB2D800EE0123 /* OperatorComponent.swift in Sources */ = {isa = PBXBuildFile; fileRef = 9652CA9D2A1CB2D800EE0123 /* OperatorComponent.swift */; };
		9652CAA02A1CB41200EE0123 /* OperatorView.swift in Sources */ = {isa = PBXBuildFile; fileRef = 9652CA9F2A1CB41200EE0123 /* OperatorView.swift */; };
		96A3BEBB2A236A4800D5EC9C /* image.png in Resources */ = {isa = PBXBuildFile; fileRef = 96A3BEBA2A236A4600D5EC9C /* image.png */; };
		96CE37B72A1B970700AA4B70 /* OperatorsApp.swift in Sources */ = {isa = PBXBuildFile; fileRef = 96CE37B62A1B970700AA4B70 /* OperatorsApp.swift */; };
		96CE37B92A1B970700AA4B70 /* ContentView.swift in Sources */ = {isa = PBXBuildFile; fileRef = 96CE37B82A1B970700AA4B70 /* ContentView.swift */; };
		96CE37BB2A1B970C00AA4B70 /* Assets.xcassets in Resources */ = {isa = PBXBuildFile; fileRef = 96CE37BA2A1B970C00AA4B70 /* Assets.xcassets */; };
		96CE37BE2A1B970C00AA4B70 /* Preview Assets.xcassets in Resources */ = {isa = PBXBuildFile; fileRef = 96CE37BD2A1B970C00AA4B70 /* Preview Assets.xcassets */; };
/* End PBXBuildFile section */

/* Begin PBXFileReference section */
		9652CA9B2A1BD1CD00EE0123 /* ApiClient.swift */ = {isa = PBXFileReference; lastKnownFileType = sourcecode.swift; path = ApiClient.swift; sourceTree = "<group>"; };
		9652CA9D2A1CB2D800EE0123 /* OperatorComponent.swift */ = {isa = PBXFileReference; lastKnownFileType = sourcecode.swift; path = OperatorComponent.swift; sourceTree = "<group>"; };
		9652CA9F2A1CB41200EE0123 /* OperatorView.swift */ = {isa = PBXFileReference; lastKnownFileType = sourcecode.swift; path = OperatorView.swift; sourceTree = "<group>"; };
		96A3BEBA2A236A4600D5EC9C /* image.png */ = {isa = PBXFileReference; lastKnownFileType = image.png; name = image.png; path = ../../../image.png; sourceTree = "<group>"; };
		96A3BEBC2A236A6900D5EC9C /* Simulator Screen Recording - iPhone 12 Pro - 2023-05-28 at 13.39.25.mp4 */ = {isa = PBXFileReference; lastKnownFileType = file; name = "Simulator Screen Recording - iPhone 12 Pro - 2023-05-28 at 13.39.25.mp4"; path = "../../../Simulator Screen Recording - iPhone 12 Pro - 2023-05-28 at 13.39.25.mp4"; sourceTree = "<group>"; };
		96CE37B32A1B970700AA4B70 /* Operators.app */ = {isa = PBXFileReference; explicitFileType = wrapper.application; includeInIndex = 0; path = Operators.app; sourceTree = BUILT_PRODUCTS_DIR; };
		96CE37B62A1B970700AA4B70 /* OperatorsApp.swift */ = {isa = PBXFileReference; lastKnownFileType = sourcecode.swift; path = OperatorsApp.swift; sourceTree = "<group>"; };
		96CE37B82A1B970700AA4B70 /* ContentView.swift */ = {isa = PBXFileReference; lastKnownFileType = sourcecode.swift; path = ContentView.swift; sourceTree = "<group>"; };
		96CE37BA2A1B970C00AA4B70 /* Assets.xcassets */ = {isa = PBXFileReference; lastKnownFileType = folder.assetcatalog; path = Assets.xcassets; sourceTree = "<group>"; };
		96CE37BD2A1B970C00AA4B70 /* Preview Assets.xcassets */ = {isa = PBXFileReference; lastKnownFileType = folder.assetcatalog; path = "Preview Assets.xcassets"; sourceTree = "<group>"; };
/* End PBXFileReference section */

/* Begin PBXFrameworksBuildPhase section */
		96CE37B02A1B970700AA4B70 /* Frameworks */ = {
			isa = PBXFrameworksBuildPhase;
			buildActionMask = 2147483647;
			files = (
				9652CA9A2A1BB13200EE0123 /* CachedAsyncImage in Frameworks */,
			);
			runOnlyForDeploymentPostprocessing = 0;
		};
/* End PBXFrameworksBuildPhase section */

/* Begin PBXGroup section */
		96A3BEB92A2369D800D5EC9C /* screenshots */ = {
			isa = PBXGroup;
			children = (
				96A3BEBC2A236A6900D5EC9C /* Simulator Screen Recording - iPhone 12 Pro - 2023-05-28 at 13.39.25.mp4 */,
				96A3BEBA2A236A4600D5EC9C /* image.png */,
			);
			path = screenshots;
			sourceTree = "<group>";
		};
		96CE37AA2A1B970700AA4B70 = {
			isa = PBXGroup;
			children = (
				96A3BEB92A2369D800D5EC9C /* screenshots */,
				96CE37B52A1B970700AA4B70 /* Operators */,
				96CE37B42A1B970700AA4B70 /* Products */,
			);
			sourceTree = "<group>";
		};
		96CE37B42A1B970700AA4B70 /* Products */ = {
			isa = PBXGroup;
			children = (
				96CE37B32A1B970700AA4B70 /* Operators.app */,
			);
			name = Products;
			sourceTree = "<group>";
		};
		96CE37B52A1B970700AA4B70 /* Operators */ = {
			isa = PBXGroup;
			children = (
				96CE37C62A1BB07E00AA4B70 /* api */,
				96CE37C52A1BB05B00AA4B70 /* views */,
				96CE37B62A1B970700AA4B70 /* OperatorsApp.swift */,
				96CE37B82A1B970700AA4B70 /* ContentView.swift */,
				96CE37BA2A1B970C00AA4B70 /* Assets.xcassets */,
				96CE37BC2A1B970C00AA4B70 /* Preview Content */,
			);
			path = Operators;
			sourceTree = "<group>";
		};
		96CE37BC2A1B970C00AA4B70 /* Preview Content */ = {
			isa = PBXGroup;
			children = (
				96CE37BD2A1B970C00AA4B70 /* Preview Assets.xcassets */,
			);
			path = "Preview Content";
			sourceTree = "<group>";
		};
		96CE37C52A1BB05B00AA4B70 /* views */ = {
			isa = PBXGroup;
			children = (
				9652CA9D2A1CB2D800EE0123 /* OperatorComponent.swift */,
				9652CA9F2A1CB41200EE0123 /* OperatorView.swift */,
			);
			path = views;
			sourceTree = "<group>";
		};
		96CE37C62A1BB07E00AA4B70 /* api */ = {
			isa = PBXGroup;
			children = (
				9652CA9B2A1BD1CD00EE0123 /* ApiClient.swift */,
			);
			path = api;
			sourceTree = "<group>";
		};
/* End PBXGroup section */

/* Begin PBXNativeTarget section */
		96CE37B22A1B970700AA4B70 /* Operators */ = {
			isa = PBXNativeTarget;
			buildConfigurationList = 96CE37C12A1B970C00AA4B70 /* Build configuration list for PBXNativeTarget "Operators" */;
			buildPhases = (
				96CE37AF2A1B970700AA4B70 /* Sources */,
				96CE37B02A1B970700AA4B70 /* Frameworks */,
				96CE37B12A1B970700AA4B70 /* Resources */,
			);
			buildRules = (
			);
			dependencies = (
			);
			name = Operators;
			packageProductDependencies = (
				9652CA992A1BB13200EE0123 /* CachedAsyncImage */,
			);
			productName = Operators;
			productReference = 96CE37B32A1B970700AA4B70 /* Operators.app */;
			productType = "com.apple.product-type.application";
		};
/* End PBXNativeTarget section */

/* Begin PBXProject section */
		96CE37AB2A1B970700AA4B70 /* Project object */ = {
			isa = PBXProject;
			attributes = {
				BuildIndependentTargetsInParallel = 1;
				LastSwiftUpdateCheck = 1340;
				LastUpgradeCheck = 1340;
				TargetAttributes = {
					96CE37B22A1B970700AA4B70 = {
						CreatedOnToolsVersion = 13.4.1;
					};
				};
			};
			buildConfigurationList = 96CE37AE2A1B970700AA4B70 /* Build configuration list for PBXProject "Operators" */;
			compatibilityVersion = "Xcode 13.0";
			developmentRegion = en;
			hasScannedForEncodings = 0;
			knownRegions = (
				en,
				Base,
			);
			mainGroup = 96CE37AA2A1B970700AA4B70;
			packageReferences = (
				9652CA982A1BB13200EE0123 /* XCRemoteSwiftPackageReference "swiftui-cached-async-image" */,
			);
			productRefGroup = 96CE37B42A1B970700AA4B70 /* Products */;
			projectDirPath = "";
			projectRoot = "";
			targets = (
				96CE37B22A1B970700AA4B70 /* Operators */,
			);
		};
/* End PBXProject section */

/* Begin PBXResourcesBuildPhase section */
		96CE37B12A1B970700AA4B70 /* Resources */ = {
			isa = PBXResourcesBuildPhase;
			buildActionMask = 2147483647;
			files = (
				96CE37BE2A1B970C00AA4B70 /* Preview Assets.xcassets in Resources */,
				96CE37BB2A1B970C00AA4B70 /* Assets.xcassets in Resources */,
				96A3BEBB2A236A4800D5EC9C /* image.png in Resources */,
			);
			runOnlyForDeploymentPostprocessing = 0;
		};
/* End PBXResourcesBuildPhase section */

/* Begin PBXSourcesBuildPhase section */
		96CE37AF2A1B970700AA4B70 /* Sources */ = {
			isa = PBXSourcesBuildPhase;
			buildActionMask = 2147483647;
			files = (
				96CE37B92A1B970700AA4B70 /* ContentView.swift in Sources */,
				9652CAA02A1CB41200EE0123 /* OperatorView.swift in Sources */,
				9652CA9E2A1CB2D800EE0123 /* OperatorComponent.swift in Sources */,
				96CE37B72A1B970700AA4B70 /* OperatorsApp.swift in Sources */,
				9652CA9C2A1BD1CD00EE0123 /* ApiClient.swift in Sources */,
			);
			runOnlyForDeploymentPostprocessing = 0;
		};
/* End PBXSourcesBuildPhase section */

/* Begin XCBuildConfiguration section */
		96CE37BF2A1B970C00AA4B70 /* Debug */ = {
			isa = XCBuildConfiguration;
			buildSettings = {
				ALWAYS_SEARCH_USER_PATHS = NO;
				CLANG_ANALYZER_NONNULL = YES;
				CLANG_ANALYZER_NUMBER_OBJECT_CONVERSION = YES_AGGRESSIVE;
				CLANG_CXX_LANGUAGE_STANDARD = "gnu++17";
				CLANG_ENABLE_MODULES = YES;
				CLANG_ENABLE_OBJC_ARC = YES;
				CLANG_ENABLE_OBJC_WEAK = YES;
				CLANG_WARN_BLOCK_CAPTURE_AUTORELEASING = YES;
				CLANG_WARN_BOOL_CONVERSION = YES;
				CLANG_WARN_COMMA = YES;
				CLANG_WARN_CONSTANT_CONVERSION = YES;
				CLANG_WARN_DEPRECATED_OBJC_IMPLEMENTATIONS = YES;
				CLANG_WARN_DIRECT_OBJC_ISA_USAGE = YES_ERROR;
				CLANG_WARN_DOCUMENTATION_COMMENTS = YES;
				CLANG_WARN_EMPTY_BODY = YES;
				CLANG_WARN_ENUM_CONVERSION = YES;
				CLANG_WARN_INFINITE_RECURSION = YES;
				CLANG_WARN_INT_CONVERSION = YES;
				CLANG_WARN_NON_LITERAL_NULL_CONVERSION = YES;
				CLANG_WARN_OBJC_IMPLICIT_RETAIN_SELF = YES;
				CLANG_WARN_OBJC_LITERAL_CONVERSION = YES;
				CLANG_WARN_OBJC_ROOT_CLASS = YES_ERROR;
				CLANG_WARN_QUOTED_INCLUDE_IN_FRAMEWORK_HEADER = YES;
				CLANG_WARN_RANGE_LOOP_ANALYSIS = YES;
				CLANG_WARN_STRICT_PROTOTYPES = YES;
				CLANG_WARN_SUSPICIOUS_MOVE = YES;
				CLANG_WARN_UNGUARDED_AVAILABILITY = YES_AGGRESSIVE;
				CLANG_WARN_UNREACHABLE_CODE = YES;
				CLANG_WARN__DUPLICATE_METHOD_MATCH = YES;
				COPY_PHASE_STRIP = NO;
				DEBUG_INFORMATION_FORMAT = dwarf;
				ENABLE_STRICT_OBJC_MSGSEND = YES;
				ENABLE_TESTABILITY = YES;
				GCC_C_LANGUAGE_STANDARD = gnu11;
				GCC_DYNAMIC_NO_PIC = NO;
				GCC_NO_COMMON_BLOCKS = YES;
				GCC_OPTIMIZATION_LEVEL = 0;
				GCC_PREPROCESSOR_DEFINITIONS = (
					"DEBUG=1",
					"$(inherited)",
				);
				GCC_WARN_64_TO_32_BIT_CONVERSION = YES;
				GCC_WARN_ABOUT_RETURN_TYPE = YES_ERROR;
				GCC_WARN_UNDECLARED_SELECTOR = YES;
				GCC_WARN_UNINITIALIZED_AUTOS = YES_AGGRESSIVE;
				GCC_WARN_UNUSED_FUNCTION = YES;
				GCC_WARN_UNUSED_VARIABLE = YES;
				IPHONEOS_DEPLOYMENT_TARGET = 15.5;
				MTL_ENABLE_DEBUG_INFO = INCLUDE_SOURCE;
				MTL_FAST_MATH = YES;
				ONLY_ACTIVE_ARCH = YES;
				SDKROOT = iphoneos;
				SWIFT_ACTIVE_COMPILATION_CONDITIONS = DEBUG;
				SWIFT_OPTIMIZATION_LEVEL = "-Onone";
			};
			name = Debug;
		};
		96CE37C02A1B970C00AA4B70 /* Release */ = {
			isa = XCBuildConfiguration;
			buildSettings = {
				ALWAYS_SEARCH_USER_PATHS = NO;
				CLANG_ANALYZER_NONNULL = YES;
				CLANG_ANALYZER_NUMBER_OBJECT_CONVERSION = YES_AGGRESSIVE;
				CLANG_CXX_LANGUAGE_STANDARD = "gnu++17";
				CLANG_ENABLE_MODULES = YES;
				CLANG_ENABLE_OBJC_ARC = YES;
				CLANG_ENABLE_OBJC_WEAK = YES;
				CLANG_WARN_BLOCK_CAPTURE_AUTORELEASING = YES;
				CLANG_WARN_BOOL_CONVERSION = YES;
				CLANG_WARN_COMMA = YES;
				CLANG_WARN_CONSTANT_CONVERSION = YES;
				CLANG_WARN_DEPRECATED_OBJC_IMPLEMENTATIONS = YES;
				CLANG_WARN_DIRECT_OBJC_ISA_USAGE = YES_ERROR;
				CLANG_WARN_DOCUMENTATION_COMMENTS = YES;
				CLANG_WARN_EMPTY_BODY = YES;
				CLANG_WARN_ENUM_CONVERSION = YES;
				CLANG_WARN_INFINITE_RECURSION = YES;
				CLANG_WARN_INT_CONVERSION = YES;
				CLANG_WARN_NON_LITERAL_NULL_CONVERSION = YES;
				CLANG_WARN_OBJC_IMPLICIT_RETAIN_SELF = YES;
				CLANG_WARN_OBJC_LITERAL_CONVERSION = YES;
				CLANG_WARN_OBJC_ROOT_CLASS = YES_ERROR;
				CLANG_WARN_QUOTED_INCLUDE_IN_FRAMEWORK_HEADER = YES;
				CLANG_WARN_RANGE_LOOP_ANALYSIS = YES;
				CLANG_WARN_STRICT_PROTOTYPES = YES;
				CLANG_WARN_SUSPICIOUS_MOVE = YES;
				CLANG_WARN_UNGUARDED_AVAILABILITY = YES_AGGRESSIVE;
				CLANG_WARN_UNREACHABLE_CODE = YES;
				CLANG_WARN__DUPLICATE_METHOD_MATCH = YES;
				COPY_PHASE_STRIP = NO;
				DEBUG_INFORMATION_FORMAT = "dwarf-with-dsym";
				ENABLE_NS_ASSERTIONS = NO;
				ENABLE_STRICT_OBJC_MSGSEND = YES;
				GCC_C_LANGUAGE_STANDARD = gnu11;
				GCC_NO_COMMON_BLOCKS = YES;
				GCC_WARN_64_TO_32_BIT_CONVERSION = YES;
				GCC_WARN_ABOUT_RETURN_TYPE = YES_ERROR;
				GCC_WARN_UNDECLARED_SELECTOR = YES;
				GCC_WARN_UNINITIALIZED_AUTOS = YES_AGGRESSIVE;
				GCC_WARN_UNUSED_FUNCTION = YES;
				GCC_WARN_UNUSED_VARIABLE = YES;
				IPHONEOS_DEPLOYMENT_TARGET = 15.5;
				MTL_ENABLE_DEBUG_INFO = NO;
				MTL_FAST_MATH = YES;
				SDKROOT = iphoneos;
				SWIFT_COMPILATION_MODE = wholemodule;
				SWIFT_OPTIMIZATION_LEVEL = "-O";
				VALIDATE_PRODUCT = YES;
			};
			name = Release;
		};
		96CE37C22A1B970C00AA4B70 /* Debug */ = {
			isa = XCBuildConfiguration;
			buildSettings = {
				ASSETCATALOG_COMPILER_APPICON_NAME = AppIcon;
				ASSETCATALOG_COMPILER_GLOBAL_ACCENT_COLOR_NAME = AccentColor;
				CODE_SIGN_STYLE = Automatic;
				CURRENT_PROJECT_VERSION = 1;
				DEVELOPMENT_ASSET_PATHS = "\"Operators/Preview Content\"";
				DEVELOPMENT_TEAM = YPJWF6U82Q;
				ENABLE_PREVIEWS = YES;
				GENERATE_INFOPLIST_FILE = YES;
				INFOPLIST_KEY_UIApplicationSceneManifest_Generation = YES;
				INFOPLIST_KEY_UIApplicationSupportsIndirectInputEvents = YES;
				INFOPLIST_KEY_UILaunchScreen_Generation = YES;
				INFOPLIST_KEY_UISupportedInterfaceOrientations_iPad = "UIInterfaceOrientationPortrait UIInterfaceOrientationPortraitUpsideDown UIInterfaceOrientationLandscapeLeft UIInterfaceOrientationLandscapeRight";
				INFOPLIST_KEY_UISupportedInterfaceOrientations_iPhone = "UIInterfaceOrientationPortrait UIInterfaceOrientationLandscapeLeft UIInterfaceOrientationLandscapeRight";
				LD_RUNPATH_SEARCH_PATHS = (
					"$(inherited)",
					"@executable_path/Frameworks",
				);
				MARKETING_VERSION = 1.0;
				PRODUCT_BUNDLE_IDENTIFIER = Apple.Operators;
				PRODUCT_NAME = "$(TARGET_NAME)";
				SWIFT_EMIT_LOC_STRINGS = YES;
				SWIFT_VERSION = 5.0;
				TARGETED_DEVICE_FAMILY = "1,2";
			};
			name = Debug;
		};
		96CE37C32A1B970C00AA4B70 /* Release */ = {
			isa = XCBuildConfiguration;
			buildSettings = {
				ASSETCATALOG_COMPILER_APPICON_NAME = AppIcon;
				ASSETCATALOG_COMPILER_GLOBAL_ACCENT_COLOR_NAME = AccentColor;
				CODE_SIGN_STYLE = Automatic;
				CURRENT_PROJECT_VERSION = 1;
				DEVELOPMENT_ASSET_PATHS = "\"Operators/Preview Content\"";
				DEVELOPMENT_TEAM = YPJWF6U82Q;
				ENABLE_PREVIEWS = YES;
				GENERATE_INFOPLIST_FILE = YES;
				INFOPLIST_KEY_UIApplicationSceneManifest_Generation = YES;
				INFOPLIST_KEY_UIApplicationSupportsIndirectInputEvents = YES;
				INFOPLIST_KEY_UILaunchScreen_Generation = YES;
				INFOPLIST_KEY_UISupportedInterfaceOrientations_iPad = "UIInterfaceOrientationPortrait UIInterfaceOrientationPortraitUpsideDown UIInterfaceOrientationLandscapeLeft UIInterfaceOrientationLandscapeRight";
				INFOPLIST_KEY_UISupportedInterfaceOrientations_iPhone = "UIInterfaceOrientationPortrait UIInterfaceOrientationLandscapeLeft UIInterfaceOrientationLandscapeRight";
				LD_RUNPATH_SEARCH_PATHS = (
					"$(inherited)",
					"@executable_path/Frameworks",
				);
				MARKETING_VERSION = 1.0;
				PRODUCT_BUNDLE_IDENTIFIER = Apple.Operators;
				PRODUCT_NAME = "$(TARGET_NAME)";
				SWIFT_EMIT_LOC_STRINGS = YES;
				SWIFT_VERSION = 5.0;
				TARGETED_DEVICE_FAMILY = "1,2";
			};
			name = Release;
		};
/* End XCBuildConfiguration section */

/* Begin XCConfigurationList section */
		96CE37AE2A1B970700AA4B70 /* Build configuration list for PBXProject "Operators" */ = {
			isa = XCConfigurationList;
			buildConfigurations = (
				96CE37BF2A1B970C00AA4B70 /* Debug */,
				96CE37C02A1B970C00AA4B70 /* Release */,
			);
			defaultConfigurationIsVisible = 0;
			defaultConfigurationName = Release;
		};
		96CE37C12A1B970C00AA4B70 /* Build configuration list for PBXNativeTarget "Operators" */ = {
			isa = XCConfigurationList;
			buildConfigurations = (
				96CE37C22A1B970C00AA4B70 /* Debug */,
				96CE37C32A1B970C00AA4B70 /* Release */,
			);
			defaultConfigurationIsVisible = 0;
			defaultConfigurationName = Release;
		};
/* End XCConfigurationList section */

/* Begin XCRemoteSwiftPackageReference section */
		9652CA982A1BB13200EE0123 /* XCRemoteSwiftPackageReference "swiftui-cached-async-image" */ = {
			isa = XCRemoteSwiftPackageReference;
			repositoryURL = "https://github.com/lorenzofiamingo/swiftui-cached-async-image";
			requirement = {
				branch = main;
				kind = branch;
			};
		};
/* End XCRemoteSwiftPackageReference section */

/* Begin XCSwiftPackageProductDependency section */
		9652CA992A1BB13200EE0123 /* CachedAsyncImage */ = {
			isa = XCSwiftPackageProductDependency;
			package = 9652CA982A1BB13200EE0123 /* XCRemoteSwiftPackageReference "swiftui-cached-async-image" */;
			productName = CachedAsyncImage;
		};
/* End XCSwiftPackageProductDependency section */
	};
	rootObject = 96CE37AB2A1B970700AA4B70 /* Project object */;
}
